// !$*UTF8*$!
{
	archiveVersion = 1;
	classes = {
	};
	objectVersion = 77;
	objects = {

/* Begin PBXBuildFile section */
		03FB04C17EDA45D30AC911F4 /* QuestionProvider.swift in Sources */ = {isa = PBXBuildFile; fileRef = 8B9A918292A8BD08D5EEAFA6 /* QuestionProvider.swift */; };
		11697E55857894F38D742127 /* ProgressStats.swift in Sources */ = {isa = PBXBuildFile; fileRef = 5A73FA1930578863B642985C /* ProgressStats.swift */; };
		14D9988F7891E91323181BEA /* BuzzerProtocol.swift in Sources */ = {isa = PBXBuildFile; fileRef = 75B1B87B261C164A421546D6 /* BuzzerProtocol.swift */; };
		157E84B3984C8AF6BB3E4900 /* PlayerRecord.swift in Sources */ = {isa = PBXBuildFile; fileRef = D85FC9EA0ED55C307CC3525F /* PlayerRecord.swift */; };
		16F7B6BE37EAC0372AE1AB55 /* SeededRNG.swift in Sources */ = {isa = PBXBuildFile; fileRef = B1C1A6AE174DDC149D5EE7BB /* SeededRNG.swift */; };
		24804CB812FA16ED5E34BEF9 /* Design.swift in Sources */ = {isa = PBXBuildFile; fileRef = AB6E2342A764B8401C9516E9 /* Design.swift */; };
		254A5D097C6BED08159370E5 /* AppStore.swift in Sources */ = {isa = PBXBuildFile; fileRef = 7F619B1D3BB620DD1304475A /* AppStore.swift */; };
		263C354095054FECCB304CBA /* TemplateEngine.swift in Sources */ = {isa = PBXBuildFile; fileRef = E48988FC967EF362B69C2FB5 /* TemplateEngine.swift */; };
		274F21E30264310543E14DB4 /* TidbitsTriviaApp.swift in Sources */ = {isa = PBXBuildFile; fileRef = 35F518DED9832731B1294DD3 /* TidbitsTriviaApp.swift */; };
		287C808C6599E4BF11EC462F /* WikipediaClient.swift in Sources */ = {isa = PBXBuildFile; fileRef = 655168DF8FE110D6336394D2 /* WikipediaClient.swift */; };
		2EF467D5E5DB3E3B82354C1D /* GameContainerView.swift in Sources */ = {isa = PBXBuildFile; fileRef = 7A77D01159167F1BE602ABED /* GameContainerView.swift */; };
		396E6A2004F751CA0ADC7CB7 /* ResultsView.swift in Sources */ = {isa = PBXBuildFile; fileRef = 7C60A815D0EFF35CF18DAB26 /* ResultsView.swift */; };
		43F36ECB879791F4A899B1AF /* CreateQuizView.swift in Sources */ = {isa = PBXBuildFile; fileRef = 96283977862FC546F8219011 /* CreateQuizView.swift */; };
		47EC13554A9F7DAAAC0104A3 /* PartyContainerView.swift in Sources */ = {isa = PBXBuildFile; fileRef = F18495176F588DF9E5C7907E /* PartyContainerView.swift */; };
		4DC91A451AB7826A0104F2F6 /* BuzzerHost.swift in Sources */ = {isa = PBXBuildFile; fileRef = 28A222FFBE5C2A42222CA04F /* BuzzerHost.swift */; };
		4F92081B7F2AFB470A7DC5C2 /* RecordsView.swift in Sources */ = {isa = PBXBuildFile; fileRef = 0C18E4CA3BD148F09E1BE077 /* RecordsView.swift */; };
		512F6230D9E8F7A314AFF0ED /* RecordsStore.swift in Sources */ = {isa = PBXBuildFile; fileRef = 7633D27702A6874F7D8993DF /* RecordsStore.swift */; };
		563B7C1B43D0FCF86A3ACC0A /* DebugHooks.swift in Sources */ = {isa = PBXBuildFile; fileRef = 1BD01942F33620E5D75A8E7D /* DebugHooks.swift */; };
		5B37FF3AF882A4CAD88CE62D /* GameComponents.swift in Sources */ = {isa = PBXBuildFile; fileRef = 337562191FABFA21A46484FA /* GameComponents.swift */; };
		6CF073BFB022FF600B3B9428 /* GamePlayView.swift in Sources */ = {isa = PBXBuildFile; fileRef = BE92745D6860E623628A0CBC /* GamePlayView.swift */; };
		7051BF4D2CFDDEB46EC57971 /* Haptics.swift in Sources */ = {isa = PBXBuildFile; fileRef = CDC047AE9E00DBB79A4FD169 /* Haptics.swift */; };
		7E457DE11CD8D820A503C8EB /* PrivacyInfo.xcprivacy in Resources */ = {isa = PBXBuildFile; fileRef = 3C266F600F75F40E459D2276 /* PrivacyInfo.xcprivacy */; };
		8173D65E0C01C75F852B1886 /* BuzzerClient.swift in Sources */ = {isa = PBXBuildFile; fileRef = C11F9512791D87E03F2F510A /* BuzzerClient.swift */; };
		868239CDDF1A55B51710E012 /* Scoring.swift in Sources */ = {isa = PBXBuildFile; fileRef = 0EBCE6DDE7254EB4010E1679 /* Scoring.swift */; };
		87D2A2B94B2CE47C7ADB8348 /* GameView_tvOS.swift in Sources */ = {isa = PBXBuildFile; fileRef = F5C9D9266531ECD27156562D /* GameView_tvOS.swift */; };
		918AE96520BD2A89643D6E20 /* TriviaCategory.swift in Sources */ = {isa = PBXBuildFile; fileRef = BCB14B0E2B13CCA2DDA250ED /* TriviaCategory.swift */; };
		92B4788F3A0CAC7DE68FB848 /* CorpusDatabase.swift in Sources */ = {isa = PBXBuildFile; fileRef = EB24F551656B187A42C81D44 /* CorpusDatabase.swift */; };
		9B22CE4581A58C784D66DDB1 /* GameMode.swift in Sources */ = {isa = PBXBuildFile; fileRef = 7C55D3DCAE5E46980D666B83 /* GameMode.swift */; };
		9BD52794E3B9893E95300BD5 /* corpus.sqlite in Resources */ = {isa = PBXBuildFile; fileRef = E8F18E88BA37F77E6313144F /* corpus.sqlite */; };
		9EA492C785F5F4ED0BFB78FF /* OnboardingView.swift in Sources */ = {isa = PBXBuildFile; fileRef = 0BFD0D04EAFA9DBEB25F3A8E /* OnboardingView.swift */; };
		A196A0BBE89D112E62E0577E /* Assets.xcassets in Resources */ = {isa = PBXBuildFile; fileRef = 73D5D7FD07809D194BF90B30 /* Assets.xcassets */; };
		A690ED15A1D8831CF3E58CB8 /* Player.swift in Sources */ = {isa = PBXBuildFile; fileRef = F3AE68F153F8C298960BFD36 /* Player.swift */; };
		A7BDC3D377EC8267B055AAB0 /* GameEngine.swift in Sources */ = {isa = PBXBuildFile; fileRef = 3F41E5C0BFBB0360DCD3015A /* GameEngine.swift */; };
		AD2E45CD70618846B0546B96 /* ContentView_iOS.swift in Sources */ = {isa = PBXBuildFile; fileRef = 8E0122AFA7F2570D4CCDD4BA /* ContentView_iOS.swift */; };
		B0A9BD87C5B11C8B3EA379C9 /* Question.swift in Sources */ = {isa = PBXBuildFile; fileRef = FFC46D4CE8D03186C064C759 /* Question.swift */; };
		CCA8AF2E7F7567E5B153E60F /* SettingsView.swift in Sources */ = {isa = PBXBuildFile; fileRef = 3B2FEBFB29C12A172EADB66F /* SettingsView.swift */; };
		D78451DA6D74E2BA65EB56C8 /* HomeView.swift in Sources */ = {isa = PBXBuildFile; fileRef = 7AAEF55F4DD8DEA37D200C32 /* HomeView.swift */; };
		E6770F1D60EEB51BCEDD54B3 /* LaunchScreen.storyboard in Resources */ = {isa = PBXBuildFile; fileRef = 8BAC363A3AF3ACE88A58A9AB /* LaunchScreen.storyboard */; };
		EE8626F023BDE890D701F4B1 /* ContentView_tvOS.swift in Sources */ = {isa = PBXBuildFile; fileRef = C23D07A7744AE72B2935CB2F /* ContentView_tvOS.swift */; };
		F6940DE23C8FDFFC0EFDD656 /* BuzzerTransport.swift in Sources */ = {isa = PBXBuildFile; fileRef = A781EF8AAD2C417EC527EC32 /* BuzzerTransport.swift */; };
		FC6C3246C07842892F682C5D /* GameCenterManager.swift in Sources */ = {isa = PBXBuildFile; fileRef = 89A31C82C50C6EB1DA9AE9A4 /* GameCenterManager.swift */; };
/* End PBXBuildFile section */

/* Begin PBXFileReference section */
		0BFD0D04EAFA9DBEB25F3A8E /* OnboardingView.swift */ = {isa = PBXFileReference; lastKnownFileType = sourcecode.swift; path = OnboardingView.swift; sourceTree = "<group>"; };
		0C18E4CA3BD148F09E1BE077 /* RecordsView.swift */ = {isa = PBXFileReference; lastKnownFileType = sourcecode.swift; path = RecordsView.swift; sourceTree = "<group>"; };
		0EBCE6DDE7254EB4010E1679 /* Scoring.swift */ = {isa = PBXFileReference; lastKnownFileType = sourcecode.swift; path = Scoring.swift; sourceTree = "<group>"; };
		1BD01942F33620E5D75A8E7D /* DebugHooks.swift */ = {isa = PBXFileReference; lastKnownFileType = sourcecode.swift; path = DebugHooks.swift; sourceTree = "<group>"; };
		28A222FFBE5C2A42222CA04F /* BuzzerHost.swift */ = {isa = PBXFileReference; lastKnownFileType = sourcecode.swift; path = BuzzerHost.swift; sourceTree = "<group>"; };
		337562191FABFA21A46484FA /* GameComponents.swift */ = {isa = PBXFileReference; lastKnownFileType = sourcecode.swift; path = GameComponents.swift; sourceTree = "<group>"; };
		35F518DED9832731B1294DD3 /* TidbitsTriviaApp.swift */ = {isa = PBXFileReference; lastKnownFileType = sourcecode.swift; path = TidbitsTriviaApp.swift; sourceTree = "<group>"; };
		3B2FEBFB29C12A172EADB66F /* SettingsView.swift */ = {isa = PBXFileReference; lastKnownFileType = sourcecode.swift; path = SettingsView.swift; sourceTree = "<group>"; };
		3C266F600F75F40E459D2276 /* PrivacyInfo.xcprivacy */ = {isa = PBXFileReference; path = PrivacyInfo.xcprivacy; sourceTree = "<group>"; };
		3F41E5C0BFBB0360DCD3015A /* GameEngine.swift */ = {isa = PBXFileReference; lastKnownFileType = sourcecode.swift; path = GameEngine.swift; sourceTree = "<group>"; };
		4E7FAFB9A435F25FF322EC97 /* Info.plist */ = {isa = PBXFileReference; lastKnownFileType = text.plist; path = Info.plist; sourceTree = "<group>"; };
		5A73FA1930578863B642985C /* ProgressStats.swift */ = {isa = PBXFileReference; lastKnownFileType = sourcecode.swift; path = ProgressStats.swift; sourceTree = "<group>"; };
		655168DF8FE110D6336394D2 /* WikipediaClient.swift */ = {isa = PBXFileReference; lastKnownFileType = sourcecode.swift; path = WikipediaClient.swift; sourceTree = "<group>"; };
		73D5D7FD07809D194BF90B30 /* Assets.xcassets */ = {isa = PBXFileReference; lastKnownFileType = folder.assetcatalog; path = Assets.xcassets; sourceTree = "<group>"; };
		75B1B87B261C164A421546D6 /* BuzzerProtocol.swift */ = {isa = PBXFileReference; lastKnownFileType = sourcecode.swift; path = BuzzerProtocol.swift; sourceTree = "<group>"; };
		7633D27702A6874F7D8993DF /* RecordsStore.swift */ = {isa = PBXFileReference; lastKnownFileType = sourcecode.swift; path = RecordsStore.swift; sourceTree = "<group>"; };
		7A77D01159167F1BE602ABED /* GameContainerView.swift */ = {isa = PBXFileReference; lastKnownFileType = sourcecode.swift; path = GameContainerView.swift; sourceTree = "<group>"; };
		7AAEF55F4DD8DEA37D200C32 /* HomeView.swift */ = {isa = PBXFileReference; lastKnownFileType = sourcecode.swift; path = HomeView.swift; sourceTree = "<group>"; };
		7C55D3DCAE5E46980D666B83 /* GameMode.swift */ = {isa = PBXFileReference; lastKnownFileType = sourcecode.swift; path = GameMode.swift; sourceTree = "<group>"; };
		7C60A815D0EFF35CF18DAB26 /* ResultsView.swift */ = {isa = PBXFileReference; lastKnownFileType = sourcecode.swift; path = ResultsView.swift; sourceTree = "<group>"; };
		7F619B1D3BB620DD1304475A /* AppStore.swift */ = {isa = PBXFileReference; lastKnownFileType = sourcecode.swift; path = AppStore.swift; sourceTree = "<group>"; };
		8635E2E7CD914F8DFE8136CC /* TidbitsTrivia.app */ = {isa = PBXFileReference; includeInIndex = 0; lastKnownFileType = wrapper.application; path = TidbitsTrivia.app; sourceTree = BUILT_PRODUCTS_DIR; };
		89A31C82C50C6EB1DA9AE9A4 /* GameCenterManager.swift */ = {isa = PBXFileReference; lastKnownFileType = sourcecode.swift; path = GameCenterManager.swift; sourceTree = "<group>"; };
		8B9A918292A8BD08D5EEAFA6 /* QuestionProvider.swift */ = {isa = PBXFileReference; lastKnownFileType = sourcecode.swift; path = QuestionProvider.swift; sourceTree = "<group>"; };
		8BAC363A3AF3ACE88A58A9AB /* LaunchScreen.storyboard */ = {isa = PBXFileReference; lastKnownFileType = file.storyboard; path = LaunchScreen.storyboard; sourceTree = "<group>"; };
		8E0122AFA7F2570D4CCDD4BA /* ContentView_iOS.swift */ = {isa = PBXFileReference; lastKnownFileType = sourcecode.swift; path = ContentView_iOS.swift; sourceTree = "<group>"; };
		96283977862FC546F8219011 /* CreateQuizView.swift */ = {isa = PBXFileReference; lastKnownFileType = sourcecode.swift; path = CreateQuizView.swift; sourceTree = "<group>"; };
		A781EF8AAD2C417EC527EC32 /* BuzzerTransport.swift */ = {isa = PBXFileReference; lastKnownFileType = sourcecode.swift; path = BuzzerTransport.swift; sourceTree = "<group>"; };
		AB6E2342A764B8401C9516E9 /* Design.swift */ = {isa = PBXFileReference; lastKnownFileType = sourcecode.swift; path = Design.swift; sourceTree = "<group>"; };
		B1C1A6AE174DDC149D5EE7BB /* SeededRNG.swift */ = {isa = PBXFileReference; lastKnownFileType = sourcecode.swift; path = SeededRNG.swift; sourceTree = "<group>"; };
		BCB14B0E2B13CCA2DDA250ED /* TriviaCategory.swift */ = {isa = PBXFileReference; lastKnownFileType = sourcecode.swift; path = TriviaCategory.swift; sourceTree = "<group>"; };
		BE92745D6860E623628A0CBC /* GamePlayView.swift */ = {isa = PBXFileReference; lastKnownFileType = sourcecode.swift; path = GamePlayView.swift; sourceTree = "<group>"; };
		C11F9512791D87E03F2F510A /* BuzzerClient.swift */ = {isa = PBXFileReference; lastKnownFileType = sourcecode.swift; path = BuzzerClient.swift; sourceTree = "<group>"; };
		C23D07A7744AE72B2935CB2F /* ContentView_tvOS.swift */ = {isa = PBXFileReference; lastKnownFileType = sourcecode.swift; path = ContentView_tvOS.swift; sourceTree = "<group>"; };
		CDC047AE9E00DBB79A4FD169 /* Haptics.swift */ = {isa = PBXFileReference; lastKnownFileType = sourcecode.swift; path = Haptics.swift; sourceTree = "<group>"; };
		D2BE9E793BFE4E52464B69A2 /* TidbitsTrivia.entitlements */ = {isa = PBXFileReference; lastKnownFileType = text.plist.entitlements; path = TidbitsTrivia.entitlements; sourceTree = "<group>"; };
		D85FC9EA0ED55C307CC3525F /* PlayerRecord.swift */ = {isa = PBXFileReference; lastKnownFileType = sourcecode.swift; path = PlayerRecord.swift; sourceTree = "<group>"; };
		E48988FC967EF362B69C2FB5 /* TemplateEngine.swift */ = {isa = PBXFileReference; lastKnownFileType = sourcecode.swift; path = TemplateEngine.swift; sourceTree = "<group>"; };
		E8F18E88BA37F77E6313144F /* corpus.sqlite */ = {isa = PBXFileReference; lastKnownFileType = file; path = corpus.sqlite; sourceTree = "<group>"; };
		EB24F551656B187A42C81D44 /* CorpusDatabase.swift */ = {isa = PBXFileReference; lastKnownFileType = sourcecode.swift; path = CorpusDatabase.swift; sourceTree = "<group>"; };
		F18495176F588DF9E5C7907E /* PartyContainerView.swift */ = {isa = PBXFileReference; lastKnownFileType = sourcecode.swift; path = PartyContainerView.swift; sourceTree = "<group>"; };
		F3AE68F153F8C298960BFD36 /* Player.swift */ = {isa = PBXFileReference; lastKnownFileType = sourcecode.swift; path = Player.swift; sourceTree = "<group>"; };
		F5C9D9266531ECD27156562D /* GameView_tvOS.swift */ = {isa = PBXFileReference; lastKnownFileType = sourcecode.swift; path = GameView_tvOS.swift; sourceTree = "<group>"; };
		FFC46D4CE8D03186C064C759 /* Question.swift */ = {isa = PBXFileReference; lastKnownFileType = sourcecode.swift; path = Question.swift; sourceTree = "<group>"; };
		"TEMP_9950C894-8D95-4E3D-A80F-86DC30901D5F" /* AppVersion.xcconfig */ = {isa = PBXFileReference; lastKnownFileType = text.xcconfig; path = AppVersion.xcconfig; sourceTree = "<group>"; };
/* End PBXFileReference section */

/* Begin PBXGroup section */
		1B73F3A73419DC9D25BBDF93 /* Store */ = {
			isa = PBXGroup;
			children = (
				7F619B1D3BB620DD1304475A /* AppStore.swift */,
				1BD01942F33620E5D75A8E7D /* DebugHooks.swift */,
				3F41E5C0BFBB0360DCD3015A /* GameEngine.swift */,
				5A73FA1930578863B642985C /* ProgressStats.swift */,
				7633D27702A6874F7D8993DF /* RecordsStore.swift */,
			);
			path = Store;
			sourceTree = "<group>";
		};
		47F6AB9665F06F274ADA3A49 /* Engine */ = {
			isa = PBXGroup;
			children = (
				0EBCE6DDE7254EB4010E1679 /* Scoring.swift */,
				B1C1A6AE174DDC149D5EE7BB /* SeededRNG.swift */,
				E48988FC967EF362B69C2FB5 /* TemplateEngine.swift */,
			);
			path = Engine;
			sourceTree = "<group>";
		};
		4BEFB7A2A447E68B7B8CDD74 /* Data */ = {
			isa = PBXGroup;
			children = (
				EB24F551656B187A42C81D44 /* CorpusDatabase.swift */,
				8B9A918292A8BD08D5EEAFA6 /* QuestionProvider.swift */,
			);
			path = Data;
			sourceTree = "<group>";
		};
		6F7F125803E806A3F6D32A60 /* Components */ = {
			isa = PBXGroup;
			children = (
				337562191FABFA21A46484FA /* GameComponents.swift */,
			);
			path = Components;
			sourceTree = "<group>";
		};
		727072DCCE54CC69BE3EC85A /* App */ = {
			isa = PBXGroup;
			children = (
				35F518DED9832731B1294DD3 /* TidbitsTriviaApp.swift */,
			);
			path = App;
			sourceTree = "<group>";
		};
		870DE872DA75B6146D1D1CE9 /* Models */ = {
			isa = PBXGroup;
			children = (
				7C55D3DCAE5E46980D666B83 /* GameMode.swift */,
				F3AE68F153F8C298960BFD36 /* Player.swift */,
				D85FC9EA0ED55C307CC3525F /* PlayerRecord.swift */,
				FFC46D4CE8D03186C064C759 /* Question.swift */,
				BCB14B0E2B13CCA2DDA250ED /* TriviaCategory.swift */,
			);
			path = Models;
			sourceTree = "<group>";
		};
		9E89B67ED96533A7EB8336F8 /* Core */ = {
			isa = PBXGroup;
			children = (
				4BEFB7A2A447E68B7B8CDD74 /* Data */,
				DC419159AAAC8680A2EE7745 /* Design */,
				47F6AB9665F06F274ADA3A49 /* Engine */,
				870DE872DA75B6146D1D1CE9 /* Models */,
				E6842571E6A114474C252661 /* Networking */,
				C995EA890864C029C98435AF /* Services */,
				1B73F3A73419DC9D25BBDF93 /* Store */,
			);
			path = Core;
			sourceTree = "<group>";
		};
		B2590FA7EED6F3E412F38169 = {
			isa = PBXGroup;
			children = (
				FF71A0DFDC39CF49A192B4DC /* TidbitsTrivia */,
				FA76000DC80AB168773EFB11 /* Products */,
			);
			sourceTree = "<group>";
		};
		B7A5B34D4AC6D6D4D63CF885 /* Resources */ = {
			isa = PBXGroup;
			children = (
				E8F18E88BA37F77E6313144F /* corpus.sqlite */,
			);
			path = Resources;
			sourceTree = "<group>";
		};
		B7FF0BD6F715F7F0F08BD521 /* tvOS */ = {
			isa = PBXGroup;
			children = (
				C23D07A7744AE72B2935CB2F /* ContentView_tvOS.swift */,
				F5C9D9266531ECD27156562D /* GameView_tvOS.swift */,
			);
			path = tvOS;
			sourceTree = "<group>";
		};
		C5594FC52CF06C1E212B2BEA /* iOS */ = {
			isa = PBXGroup;
			children = (
				6F7F125803E806A3F6D32A60 /* Components */,
				E75C4A5D189196AE2932A113 /* Views */,
				8E0122AFA7F2570D4CCDD4BA /* ContentView_iOS.swift */,
			);
			path = iOS;
			sourceTree = "<group>";
		};
		C995EA890864C029C98435AF /* Services */ = {
			isa = PBXGroup;
			children = (
				89A31C82C50C6EB1DA9AE9A4 /* GameCenterManager.swift */,
				CDC047AE9E00DBB79A4FD169 /* Haptics.swift */,
			);
			path = Services;
			sourceTree = "<group>";
		};
		DC419159AAAC8680A2EE7745 /* Design */ = {
			isa = PBXGroup;
			children = (
				AB6E2342A764B8401C9516E9 /* Design.swift */,
			);
			path = Design;
			sourceTree = "<group>";
		};
		E6842571E6A114474C252661 /* Networking */ = {
			isa = PBXGroup;
			children = (
				C11F9512791D87E03F2F510A /* BuzzerClient.swift */,
				28A222FFBE5C2A42222CA04F /* BuzzerHost.swift */,
				75B1B87B261C164A421546D6 /* BuzzerProtocol.swift */,
				A781EF8AAD2C417EC527EC32 /* BuzzerTransport.swift */,
				655168DF8FE110D6336394D2 /* WikipediaClient.swift */,
			);
			path = Networking;
			sourceTree = "<group>";
		};
		E75C4A5D189196AE2932A113 /* Views */ = {
			isa = PBXGroup;
			children = (
				96283977862FC546F8219011 /* CreateQuizView.swift */,
				7A77D01159167F1BE602ABED /* GameContainerView.swift */,
				BE92745D6860E623628A0CBC /* GamePlayView.swift */,
				7AAEF55F4DD8DEA37D200C32 /* HomeView.swift */,
				0BFD0D04EAFA9DBEB25F3A8E /* OnboardingView.swift */,
				F18495176F588DF9E5C7907E /* PartyContainerView.swift */,
				0C18E4CA3BD148F09E1BE077 /* RecordsView.swift */,
				7C60A815D0EFF35CF18DAB26 /* ResultsView.swift */,
				3B2FEBFB29C12A172EADB66F /* SettingsView.swift */,
			);
			path = Views;
			sourceTree = "<group>";
		};
		FA76000DC80AB168773EFB11 /* Products */ = {
			isa = PBXGroup;
			children = (
				8635E2E7CD914F8DFE8136CC /* TidbitsTrivia.app */,
			);
			name = Products;
			sourceTree = "<group>";
		};
		FF71A0DFDC39CF49A192B4DC /* TidbitsTrivia */ = {
			isa = PBXGroup;
			children = (
				727072DCCE54CC69BE3EC85A /* App */,
				9E89B67ED96533A7EB8336F8 /* Core */,
				C5594FC52CF06C1E212B2BEA /* iOS */,
				B7A5B34D4AC6D6D4D63CF885 /* Resources */,
				B7FF0BD6F715F7F0F08BD521 /* tvOS */,
				73D5D7FD07809D194BF90B30 /* Assets.xcassets */,
				4E7FAFB9A435F25FF322EC97 /* Info.plist */,
				8BAC363A3AF3ACE88A58A9AB /* LaunchScreen.storyboard */,
				3C266F600F75F40E459D2276 /* PrivacyInfo.xcprivacy */,
				D2BE9E793BFE4E52464B69A2 /* TidbitsTrivia.entitlements */,
			);
			path = TidbitsTrivia;
			sourceTree = "<group>";
		};
		"TEMP_50421D49-7291-49D1-B17B-95D582226BFE" /* Tidbits-Trivia */ = {
			isa = PBXGroup;
			children = (
				"TEMP_9950C894-8D95-4E3D-A80F-86DC30901D5F" /* AppVersion.xcconfig */,
			);
			path = "Tidbits-Trivia";
			sourceTree = "<group>";
		};
/* End PBXGroup section */

/* Begin PBXNativeTarget section */
		DEFDE096B37961267A8BC8DE /* TidbitsTrivia */ = {
			isa = PBXNativeTarget;
			buildConfigurationList = 701625062D82A707EB9093E2 /* Build configuration list for PBXNativeTarget "TidbitsTrivia" */;
			buildPhases = (
				B5F5198A3750468F0D272617 /* Sources */,
				7D579454612416FC51D611C7 /* Resources */,
			);
			buildRules = (
			);
			dependencies = (
			);
			name = TidbitsTrivia;
			packageProductDependencies = (
			);
			productName = TidbitsTrivia;
			productReference = 8635E2E7CD914F8DFE8136CC /* TidbitsTrivia.app */;
			productType = "com.apple.product-type.application";
		};
/* End PBXNativeTarget section */

/* Begin PBXProject section */
		846A1B65BD4D2CDC9A2A9528 /* Project object */ = {
			isa = PBXProject;
			attributes = {
				BuildIndependentTargetsInParallel = YES;
				LastUpgradeCheck = 1430;
				TargetAttributes = {
					DEFDE096B37961267A8BC8DE = {
						DevelopmentTeam = L2G756LY8N;
						ProvisioningStyle = Automatic;
					};
				};
			};
			buildConfigurationList = 8B5A7D511E60387E8259D506 /* Build configuration list for PBXProject "TidbitsTrivia" */;
			developmentRegion = en;
			hasScannedForEncodings = 0;
			knownRegions = (
				Base,
				en,
			);
			mainGroup = B2590FA7EED6F3E412F38169;
			minimizedProjectReferenceProxies = 1;
			preferredProjectObjectVersion = 77;
			productRefGroup = FA76000DC80AB168773EFB11 /* Products */;
			projectDirPath = "";
			projectRoot = "";
			targets = (
				DEFDE096B37961267A8BC8DE /* TidbitsTrivia */,
			);
		};
/* End PBXProject section */

/* Begin PBXResourcesBuildPhase section */
		7D579454612416FC51D611C7 /* Resources */ = {
			isa = PBXResourcesBuildPhase;
			buildActionMask = 2147483647;
			files = (
				A196A0BBE89D112E62E0577E /* Assets.xcassets in Resources */,
				E6770F1D60EEB51BCEDD54B3 /* LaunchScreen.storyboard in Resources */,
				7E457DE11CD8D820A503C8EB /* PrivacyInfo.xcprivacy in Resources */,
				9BD52794E3B9893E95300BD5 /* corpus.sqlite in Resources */,
			);
			runOnlyForDeploymentPostprocessing = 0;
		};
/* End PBXResourcesBuildPhase section */

/* Begin PBXSourcesBuildPhase section */
		B5F5198A3750468F0D272617 /* Sources */ = {
			isa = PBXSourcesBuildPhase;
			buildActionMask = 2147483647;
			files = (
				254A5D097C6BED08159370E5 /* AppStore.swift in Sources */,
				8173D65E0C01C75F852B1886 /* BuzzerClient.swift in Sources */,
				4DC91A451AB7826A0104F2F6 /* BuzzerHost.swift in Sources */,
				14D9988F7891E91323181BEA /* BuzzerProtocol.swift in Sources */,
				F6940DE23C8FDFFC0EFDD656 /* BuzzerTransport.swift in Sources */,
				AD2E45CD70618846B0546B96 /* ContentView_iOS.swift in Sources */,
				EE8626F023BDE890D701F4B1 /* ContentView_tvOS.swift in Sources */,
				92B4788F3A0CAC7DE68FB848 /* CorpusDatabase.swift in Sources */,
				43F36ECB879791F4A899B1AF /* CreateQuizView.swift in Sources */,
				563B7C1B43D0FCF86A3ACC0A /* DebugHooks.swift in Sources */,
				24804CB812FA16ED5E34BEF9 /* Design.swift in Sources */,
				FC6C3246C07842892F682C5D /* GameCenterManager.swift in Sources */,
				5B37FF3AF882A4CAD88CE62D /* GameComponents.swift in Sources */,
				2EF467D5E5DB3E3B82354C1D /* GameContainerView.swift in Sources */,
				A7BDC3D377EC8267B055AAB0 /* GameEngine.swift in Sources */,
				9B22CE4581A58C784D66DDB1 /* GameMode.swift in Sources */,
				6CF073BFB022FF600B3B9428 /* GamePlayView.swift in Sources */,
				87D2A2B94B2CE47C7ADB8348 /* GameView_tvOS.swift in Sources */,
				7051BF4D2CFDDEB46EC57971 /* Haptics.swift in Sources */,
				D78451DA6D74E2BA65EB56C8 /* HomeView.swift in Sources */,
				9EA492C785F5F4ED0BFB78FF /* OnboardingView.swift in Sources */,
				47EC13554A9F7DAAAC0104A3 /* PartyContainerView.swift in Sources */,
				A690ED15A1D8831CF3E58CB8 /* Player.swift in Sources */,
				157E84B3984C8AF6BB3E4900 /* PlayerRecord.swift in Sources */,
				11697E55857894F38D742127 /* ProgressStats.swift in Sources */,
				B0A9BD87C5B11C8B3EA379C9 /* Question.swift in Sources */,
				03FB04C17EDA45D30AC911F4 /* QuestionProvider.swift in Sources */,
				512F6230D9E8F7A314AFF0ED /* RecordsStore.swift in Sources */,
				4F92081B7F2AFB470A7DC5C2 /* RecordsView.swift in Sources */,
				396E6A2004F751CA0ADC7CB7 /* ResultsView.swift in Sources */,
				868239CDDF1A55B51710E012 /* Scoring.swift in Sources */,
				16F7B6BE37EAC0372AE1AB55 /* SeededRNG.swift in Sources */,
				CCA8AF2E7F7567E5B153E60F /* SettingsView.swift in Sources */,
				263C354095054FECCB304CBA /* TemplateEngine.swift in Sources */,
				274F21E30264310543E14DB4 /* TidbitsTriviaApp.swift in Sources */,
				918AE96520BD2A89643D6E20 /* TriviaCategory.swift in Sources */,
				287C808C6599E4BF11EC462F /* WikipediaClient.swift in Sources */,
			);
			runOnlyForDeploymentPostprocessing = 0;
		};
/* End PBXSourcesBuildPhase section */

/* Begin XCBuildConfiguration section */
		296659EF0549868336801823 /* Release */ = {
			isa = XCBuildConfiguration;
			baseConfigurationReference = "TEMP_9950C894-8D95-4E3D-A80F-86DC30901D5F" /* AppVersion.xcconfig */;
			buildSettings = {
				ALWAYS_SEARCH_USER_PATHS = NO;
				CLANG_ANALYZER_NONNULL = YES;
				CLANG_ANALYZER_NUMBER_OBJECT_CONVERSION = YES_AGGRESSIVE;
				CLANG_CXX_LANGUAGE_STANDARD = "gnu++14";
				CLANG_CXX_LIBRARY = "libc++";
				CLANG_ENABLE_MODULES = YES;
				CLANG_ENABLE_OBJC_ARC = YES;
				CLANG_ENABLE_OBJC_WEAK = YES;
				CLANG_WARN_BLOCK_CAPTURE_AUTORELEASING = YES;
				CLANG_WARN_BOOL_CONVERSION = YES;
				CLANG_WARN_COMMA = YES;
				CLANG_WARN_CONSTANT_CONVERSION = YES;
				CLANG_WARN_DEPRECATED_OBJC_IMPLEMENTATIONS = YES;
				CLANG_WARN_DIRECT_OBJC_ISA_USAGE = YES_ERROR;
				CLANG_WARN_DOCUMENTATION_COMMENTS = YES;
				CLANG_WARN_EMPTY_BODY = YES;
				CLANG_WARN_ENUM_CONVERSION = YES;
				CLANG_WARN_INFINITE_RECURSION = YES;
				CLANG_WARN_INT_CONVERSION = YES;
				CLANG_WARN_NON_LITERAL_NULL_CONVERSION = YES;
				CLANG_WARN_OBJC_IMPLICIT_RETAIN_SELF = YES;
				CLANG_WARN_OBJC_LITERAL_CONVERSION = YES;
				CLANG_WARN_OBJC_ROOT_CLASS = YES_ERROR;
				CLANG_WARN_QUOTED_INCLUDE_IN_FRAMEWORK_HEADER = YES;
				CLANG_WARN_RANGE_LOOP_ANALYSIS = YES;
				CLANG_WARN_STRICT_PROTOTYPES = YES;
				CLANG_WARN_SUSPICIOUS_MOVE = YES;
				CLANG_WARN_UNGUARDED_AVAILABILITY = YES_AGGRESSIVE;
				CLANG_WARN_UNREACHABLE_CODE = YES;
				CLANG_WARN__DUPLICATE_METHOD_MATCH = YES;
				CODE_SIGN_STYLE = Automatic;
				COPY_PHASE_STRIP = NO;
				DEBUG_INFORMATION_FORMAT = "dwarf-with-dsym";
				DEVELOPMENT_TEAM = L2G756LY8N;
				ENABLE_NS_ASSERTIONS = NO;
				ENABLE_STRICT_OBJC_MSGSEND = YES;
				GCC_C_LANGUAGE_STANDARD = gnu11;
				GCC_NO_COMMON_BLOCKS = YES;
				GCC_WARN_64_TO_32_BIT_CONVERSION = YES;
				GCC_WARN_ABOUT_RETURN_TYPE = YES_ERROR;
				GCC_WARN_UNDECLARED_SELECTOR = YES;
				GCC_WARN_UNINITIALIZED_AUTOS = YES_AGGRESSIVE;
				GCC_WARN_UNUSED_FUNCTION = YES;
				GCC_WARN_UNUSED_VARIABLE = YES;
				IPHONEOS_DEPLOYMENT_TARGET = 26.0;
				MTL_ENABLE_DEBUG_INFO = NO;
				MTL_FAST_MATH = YES;
				PRODUCT_NAME = "$(TARGET_NAME)";
				SDKROOT = auto;
				SWIFT_APPROACHABLE_CONCURRENCY = YES;
				SWIFT_COMPILATION_MODE = wholemodule;
				SWIFT_DEFAULT_ACTOR_ISOLATION = MainActor;
				SWIFT_OPTIMIZATION_LEVEL = "-O";
				SWIFT_VERSION = 6.0;
				TVOS_DEPLOYMENT_TARGET = 26.0;
			};
			name = Release;
		};
		8B4A0D2ABD6D2C8D01595D74 /* Debug */ = {
			isa = XCBuildConfiguration;
			buildSettings = {
				ASSETCATALOG_COMPILER_APPICON_NAME = AppIcon;
				"ASSETCATALOG_COMPILER_APPICON_NAME[sdk=appletvos*]" = "App Icon & Top Shelf Image";
				"ASSETCATALOG_COMPILER_APPICON_NAME[sdk=appletvsimulator*]" = "App Icon & Top Shelf Image";
				ASSETCATALOG_COMPILER_GLOBAL_ACCENT_COLOR_NAME = AccentColor;
				CODE_SIGN_ENTITLEMENTS = TidbitsTrivia/TidbitsTrivia.entitlements;
				CODE_SIGN_IDENTITY = "iPhone Developer";
				"EXCLUDED_SOURCE_FILE_NAMES[sdk=appletvos*]" = LaunchScreen.storyboard;
				"EXCLUDED_SOURCE_FILE_NAMES[sdk=appletvsimulator*]" = LaunchScreen.storyboard;
				INFOPLIST_FILE = TidbitsTrivia/Info.plist;
				LD_RUNPATH_SEARCH_PATHS = (
					"$(inherited)",
					"@executable_path/Frameworks",
				);
				PRODUCT_BUNDLE_IDENTIFIER = com.learningischange.tidbitstrivia;
				PRODUCT_NAME = TidbitsTrivia;
				SDKROOT = auto;
				SUPPORTED_PLATFORMS = "iphoneos iphonesimulator appletvos appletvsimulator";
				SUPPORTS_MACCATALYST = NO;
				SUPPORTS_MAC_DESIGNED_FOR_IPHONE_IPAD = YES;
				SUPPORTS_XR_DESIGNED_FOR_IPHONE_IPAD = YES;
				TARGETED_DEVICE_FAMILY = "1,2,3";
			};
			name = Debug;
		};
		B73DF143584EF79E06C0A4F4 /* Release */ = {
			isa = XCBuildConfiguration;
			buildSettings = {
				ASSETCATALOG_COMPILER_APPICON_NAME = AppIcon;
				"ASSETCATALOG_COMPILER_APPICON_NAME[sdk=appletvos*]" = "App Icon & Top Shelf Image";
				"ASSETCATALOG_COMPILER_APPICON_NAME[sdk=appletvsimulator*]" = "App Icon & Top Shelf Image";
				ASSETCATALOG_COMPILER_GLOBAL_ACCENT_COLOR_NAME = AccentColor;
				CODE_SIGN_ENTITLEMENTS = TidbitsTrivia/TidbitsTrivia.entitlements;
				CODE_SIGN_IDENTITY = "iPhone Developer";
				"EXCLUDED_SOURCE_FILE_NAMES[sdk=appletvos*]" = LaunchScreen.storyboard;
				"EXCLUDED_SOURCE_FILE_NAMES[sdk=appletvsimulator*]" = LaunchScreen.storyboard;
				INFOPLIST_FILE = TidbitsTrivia/Info.plist;
				LD_RUNPATH_SEARCH_PATHS = (
					"$(inherited)",
					"@executable_path/Frameworks",
				);
				PRODUCT_BUNDLE_IDENTIFIER = com.learningischange.tidbitstrivia;
				PRODUCT_NAME = TidbitsTrivia;
				SDKROOT = auto;
				SUPPORTED_PLATFORMS = "iphoneos iphonesimulator appletvos appletvsimulator";
				SUPPORTS_MACCATALYST = NO;
				SUPPORTS_MAC_DESIGNED_FOR_IPHONE_IPAD = YES;
				SUPPORTS_XR_DESIGNED_FOR_IPHONE_IPAD = YES;
				TARGETED_DEVICE_FAMILY = "1,2,3";
			};
			name = Release;
		};
		E6F711EEEE2896F84FE9AB98 /* Debug */ = {
			isa = XCBuildConfiguration;
			baseConfigurationReference = "TEMP_9950C894-8D95-4E3D-A80F-86DC30901D5F" /* AppVersion.xcconfig */;
			buildSettings = {
				ALWAYS_SEARCH_USER_PATHS = NO;
				CLANG_ANALYZER_NONNULL = YES;
				CLANG_ANALYZER_NUMBER_OBJECT_CONVERSION = YES_AGGRESSIVE;
				CLANG_CXX_LANGUAGE_STANDARD = "gnu++14";
				CLANG_CXX_LIBRARY = "libc++";
				CLANG_ENABLE_MODULES = YES;
				CLANG_ENABLE_OBJC_ARC = YES;
				CLANG_ENABLE_OBJC_WEAK = YES;
				CLANG_WARN_BLOCK_CAPTURE_AUTORELEASING = YES;
				CLANG_WARN_BOOL_CONVERSION = YES;
				CLANG_WARN_COMMA = YES;
				CLANG_WARN_CONSTANT_CONVERSION = YES;
				CLANG_WARN_DEPRECATED_OBJC_IMPLEMENTATIONS = YES;
				CLANG_WARN_DIRECT_OBJC_ISA_USAGE = YES_ERROR;
				CLANG_WARN_DOCUMENTATION_COMMENTS = YES;
				CLANG_WARN_EMPTY_BODY = YES;
				CLANG_WARN_ENUM_CONVERSION = YES;
				CLANG_WARN_INFINITE_RECURSION = YES;
				CLANG_WARN_INT_CONVERSION = YES;
				CLANG_WARN_NON_LITERAL_NULL_CONVERSION = YES;
				CLANG_WARN_OBJC_IMPLICIT_RETAIN_SELF = YES;
				CLANG_WARN_OBJC_LITERAL_CONVERSION = YES;
				CLANG_WARN_OBJC_ROOT_CLASS = YES_ERROR;
				CLANG_WARN_QUOTED_INCLUDE_IN_FRAMEWORK_HEADER = YES;
				CLANG_WARN_RANGE_LOOP_ANALYSIS = YES;
				CLANG_WARN_STRICT_PROTOTYPES = YES;
				CLANG_WARN_SUSPICIOUS_MOVE = YES;
				CLANG_WARN_UNGUARDED_AVAILABILITY = YES_AGGRESSIVE;
				CLANG_WARN_UNREACHABLE_CODE = YES;
				CLANG_WARN__DUPLICATE_METHOD_MATCH = YES;
				CODE_SIGN_STYLE = Automatic;
				COPY_PHASE_STRIP = NO;
				DEBUG_INFORMATION_FORMAT = dwarf;
				DEVELOPMENT_TEAM = L2G756LY8N;
				ENABLE_STRICT_OBJC_MSGSEND = YES;
				ENABLE_TESTABILITY = YES;
				GCC_C_LANGUAGE_STANDARD = gnu11;
				GCC_DYNAMIC_NO_PIC = NO;
				GCC_NO_COMMON_BLOCKS = YES;
				GCC_OPTIMIZATION_LEVEL = 0;
				GCC_PREPROCESSOR_DEFINITIONS = (
					"$(inherited)",
					"DEBUG=1",
				);
				GCC_WARN_64_TO_32_BIT_CONVERSION = YES;
				GCC_WARN_ABOUT_RETURN_TYPE = YES_ERROR;
				GCC_WARN_UNDECLARED_SELECTOR = YES;
				GCC_WARN_UNINITIALIZED_AUTOS = YES_AGGRESSIVE;
				GCC_WARN_UNUSED_FUNCTION = YES;
				GCC_WARN_UNUSED_VARIABLE = YES;
				IPHONEOS_DEPLOYMENT_TARGET = 26.0;
				MTL_ENABLE_DEBUG_INFO = INCLUDE_SOURCE;
				MTL_FAST_MATH = YES;
				ONLY_ACTIVE_ARCH = YES;
				PRODUCT_NAME = "$(TARGET_NAME)";
				SDKROOT = auto;
				SWIFT_ACTIVE_COMPILATION_CONDITIONS = DEBUG;
				SWIFT_APPROACHABLE_CONCURRENCY = YES;
				SWIFT_DEFAULT_ACTOR_ISOLATION = MainActor;
				SWIFT_OPTIMIZATION_LEVEL = "-Onone";
				SWIFT_VERSION = 6.0;
				TVOS_DEPLOYMENT_TARGET = 26.0;
			};
			name = Debug;
		};
/* End XCBuildConfiguration section */

/* Begin XCConfigurationList section */
		701625062D82A707EB9093E2 /* Build configuration list for PBXNativeTarget "TidbitsTrivia" */ = {
			isa = XCConfigurationList;
			buildConfigurations = (
				8B4A0D2ABD6D2C8D01595D74 /* Debug */,
				B73DF143584EF79E06C0A4F4 /* Release */,
			);
			defaultConfigurationIsVisible = 0;
			defaultConfigurationName = Debug;
		};
		8B5A7D511E60387E8259D506 /* Build configuration list for PBXProject "TidbitsTrivia" */ = {
			isa = XCConfigurationList;
			buildConfigurations = (
				E6F711EEEE2896F84FE9AB98 /* Debug */,
				296659EF0549868336801823 /* Release */,
			);
			defaultConfigurationIsVisible = 0;
			defaultConfigurationName = Debug;
		};
/* End XCConfigurationList section */
	};
	rootObject = 846A1B65BD4D2CDC9A2A9528 /* Project object */;
}
